
Microsoft Visual Studio Solution File, Format Version 12.00
# Visual Studio Version 17
VisualStudioVersion = 17.9.34723.18
MinimumVisualStudioVersion = 10.0.40219.1
Project("{FAE04EC0-301F-11D3-BF4B-00C04F79EFBC}") = "UMSAssignment", "UMSAssignment\UMSAssignment.csproj", "{9459C6DA-CCB7-493C-97EA-2A269DEC24E7}"
EndProject
Global
	GlobalSection(SolutionConfigurationPlatforms) = preSolution
		Debug|Any CPU = Debug|Any CPU
		Release|Any CPU = Release|Any CPU
	EndGlobalSection
	GlobalSection(ProjectConfigurationPlatforms) = postSolution
		{9459C6DA-CCB7-493C-97EA-2A269DEC24E7}.Debug|Any CPU.ActiveCfg = Debug|Any CPU
		{9459C6DA-CCB7-493C-97EA-2A269DEC24E7}.Debug|Any CPU.Build.0 = Debug|Any CPU
		{9459C6DA-CCB7-493C-97EA-2A269DEC24E7}.Release|Any CPU.ActiveCfg = Release|Any CPU
		{9459C6DA-CCB7-493C-97EA-2A269DEC24E7}.Release|Any CPU.Build.0 = Release|Any CPU
	EndGlobalSection
	GlobalSection(SolutionProperties) = preSolution
		HideSolutionNode = FALSE
	EndGlobalSection
	GlobalSection(ExtensibilityGlobals) = postSolution
		SolutionGuid = {1B139E9C-D583-4798-873E-5D0082CEA1C7}
	EndGlobalSection
EndGlobal
